
Microsoft Visual Studio Solution File, Format Version 12.00
# Visual Studio Version 17
VisualStudioVersion = 17.8.34316.72
MinimumVisualStudioVersion = 10.0.40219.1
Project("{FAE04EC0-301F-11D3-BF4B-00C04F79EFBC}") = "Aj.pp online1", "Aj.pp online1\Aj.pp online1.csproj", "{AB6391BC-C039-4968-AA1D-811CD06EBF95}"
EndProject
Global
	GlobalSection(SolutionConfigurationPlatforms) = preSolution
		Debug|Any CPU = Debug|Any CPU
		Release|Any CPU = Release|Any CPU
	EndGlobalSection
	GlobalSection(ProjectConfigurationPlatforms) = postSolution
		{AB6391BC-C039-4968-AA1D-811CD06EBF95}.Debug|Any CPU.ActiveCfg = Debug|Any CPU
		{AB6391BC-C039-4968-AA1D-811CD06EBF95}.Debug|Any CPU.Build.0 = Debug|Any CPU
		{AB6391BC-C039-4968-AA1D-811CD06EBF95}.Release|Any CPU.ActiveCfg = Release|Any CPU
		{AB6391BC-C039-4968-AA1D-811CD06EBF95}.Release|Any CPU.Build.0 = Release|Any CPU
	EndGlobalSection
	GlobalSection(SolutionProperties) = preSolution
		HideSolutionNode = FALSE
	EndGlobalSection
	GlobalSection(ExtensibilityGlobals) = postSolution
		SolutionGuid = {66D0DE73-6492-47AF-BB55-8725BAB662AB}
	EndGlobalSection
EndGlobal
