
Microsoft Visual Studio Solution File, Format Version 12.00
# Visual Studio Version 17
VisualStudioVersion = 17.7.34202.233
MinimumVisualStudioVersion = 10.0.40219.1
Project("{FAE04EC0-301F-11D3-BF4B-00C04F79EFBC}") = "WinEX2", "WinEX2\WinEX2.csproj", "{D5158ABB-3548-4DA0-8650-C627354192CA}"
EndProject
Global
	GlobalSection(SolutionConfigurationPlatforms) = preSolution
		Debug|Any CPU = Debug|Any CPU
		Release|Any CPU = Release|Any CPU
	EndGlobalSection
	GlobalSection(ProjectConfigurationPlatforms) = postSolution
		{D5158ABB-3548-4DA0-8650-C627354192CA}.Debug|Any CPU.ActiveCfg = Debug|Any CPU
		{D5158ABB-3548-4DA0-8650-C627354192CA}.Debug|Any CPU.Build.0 = Debug|Any CPU
		{D5158ABB-3548-4DA0-8650-C627354192CA}.Release|Any CPU.ActiveCfg = Release|Any CPU
		{D5158ABB-3548-4DA0-8650-C627354192CA}.Release|Any CPU.Build.0 = Release|Any CPU
	EndGlobalSection
	GlobalSection(SolutionProperties) = preSolution
		HideSolutionNode = FALSE
	EndGlobalSection
	GlobalSection(ExtensibilityGlobals) = postSolution
		SolutionGuid = {F3C08760-78F6-4972-A370-1A783B4DEA19}
	EndGlobalSection
EndGlobal
